<?xml version="1.0" encoding="utf-8"?>
<Project ToolsVersion="4.0" xmlns="http://schemas.microsoft.com/developer/msbuild/2003">
  <ItemGroup>
    <Filter Include="Source Files">
      <UniqueIdentifier>{4FC737F1-C7A5-4376-A066-2A32D752A2FF}</UniqueIdentifier>
      <Extensions>cpp;c;cc;cxx;def;odl;idl;hpj;bat;asm;asmx</Extensions>
    </Filter>
    <Filter Include="Header Files">
      <UniqueIdentifier>{93995380-89BD-4b04-88EB-625FBE52EBFB}</UniqueIdentifier>
      <Extensions>h;hh;hpp;hxx;hm;inl;inc;xsd</Extensions>
    </Filter>
    <Filter Include="Resource Files">
      <UniqueIdentifier>{67DA6AB6-F800-4c08-8B7A-83BB121AAD01}</UniqueIdentifier>
      <Extensions>rc;ico;cur;bmp;dlg;rc2;rct;bin;rgs;gif;jpg;jpeg;jpe;resx;tiff;tif;png;wav;mfcribbon-ms</Extensions>
    </Filter>
    <Filter Include="Header Files\instrument">
      <UniqueIdentifier>{a0eca6ba-82ba-4ffd-9e08-3d4d7a295ad0}</UniqueIdentifier>
    </Filter>
    <Filter Include="Header Files\base">
      <UniqueIdentifier>{603293e4-2ae4-4ce2-b74b-6365fcae2def}</UniqueIdentifier>
    </Filter>
    <Filter Include="Source Files\base">
      <UniqueIdentifier>{94231377-0431-4cd7-b1e8-2d4aefd7370b}</UniqueIdentifier>
    </Filter>
    <Filter Include="Header Files\dsp">
      <UniqueIdentifier>{5e3743c7-cad0-43dc-8212-bd313cfd6dab}</UniqueIdentifier>
    </Filter>
    <Filter Include="Source Files\dsp">
      <UniqueIdentifier>{eb36f113-4397-47d5-9057-b6624dbd0f42}</UniqueIdentifier>
    </Filter>
    <Filter Include="Source Files\instrument">
      <UniqueIdentifier>{801ae952-f451-4f37-b63f-dbcc0fac513e}</UniqueIdentifier>
    </Filter>
    <Filter Include="Header Files\algorithm">
      <UniqueIdentifier>{602d365f-6b74-43a9-9c2c-d12eef1c7515}</UniqueIdentifier>
    </Filter>
    <Filter Include="Header Files\composition">
      <UniqueIdentifier>{f1f72c1a-f4ec-4960-8ed9-6b4f2960b9fa}</UniqueIdentifier>
    </Filter>
    <Filter Include="Source Files\composition">
      <UniqueIdentifier>{3963b324-a8d8-49a1-8701-453c8dcfef77}</UniqueIdentifier>
    </Filter>
    <Filter Include="Header Files\api">
      <UniqueIdentifier>{9ab0941e-33c7-4f55-8ff0-40fec9579868}</UniqueIdentifier>
    </Filter>
    <Filter Include="Source Files\api">
      <UniqueIdentifier>{a5a847a7-a1b9-43d8-b9e4-2a817f8d8747}</UniqueIdentifier>
    </Filter>
  </ItemGroup>
  <ItemGroup>
    <ClInclude Include="..\..\src\barelymusician\base\constants.h">
      <Filter>Header Files\base</Filter>
    </ClInclude>
    <ClInclude Include="..\..\src\barelymusician\base\logging.h">
      <Filter>Header Files\base</Filter>
    </ClInclude>
    <ClInclude Include="..\..\src\barelymusician\instrument\voice.h">
      <Filter>Header Files\instrument</Filter>
    </ClInclude>
    <ClInclude Include="..\..\src\barelymusician\dsp\envelope.h">
      <Filter>Header Files\dsp</Filter>
    </ClInclude>
    <ClInclude Include="..\..\src\barelymusician\dsp\one_pole_filter.h">
      <Filter>Header Files\dsp</Filter>
    </ClInclude>
    <ClInclude Include="..\..\src\barelymusician\dsp\oscillator.h">
      <Filter>Header Files\dsp</Filter>
    </ClInclude>
    <ClInclude Include="..\..\src\barelymusician\dsp\sample_player.h">
      <Filter>Header Files\dsp</Filter>
    </ClInclude>
    <ClInclude Include="..\..\src\barelymusician\dsp\dsp_utils.h">
      <Filter>Header Files\dsp</Filter>
    </ClInclude>
    <ClInclude Include="..\..\src\barelymusician\instrument\instrument_utils.h">
      <Filter>Header Files\instrument</Filter>
    </ClInclude>
    <ClInclude Include="..\..\src\barelymusician\instrument\instrument.h">
      <Filter>Header Files\instrument</Filter>
    </ClInclude>
    <ClInclude Include="..\..\src\barelymusician\instrument\polyphonic_voice.h">
      <Filter>Header Files\instrument</Filter>
    </ClInclude>
    <ClInclude Include="..\..\src\barelymusician\base\random.h">
      <Filter>Header Files\base</Filter>
    </ClInclude>
    <ClInclude Include="..\..\src\barelymusician\algorithm\context_free_grammar.h">
      <Filter>Header Files\algorithm</Filter>
    </ClInclude>
    <ClInclude Include="..\..\src\barelymusician\instrument\modulation_matrix.h">
      <Filter>Header Files\instrument</Filter>
    </ClInclude>
    <ClInclude Include="..\..\src\barelymusician\composition\note.h">
      <Filter>Header Files\composition</Filter>
    </ClInclude>
    <ClInclude Include="..\..\src\barelymusician\dsp\generator.h">
      <Filter>Header Files\dsp</Filter>
    </ClInclude>
    <ClInclude Include="..\..\src\barelymusician\dsp\filter.h">
      <Filter>Header Files\dsp</Filter>
    </ClInclude>
    <ClInclude Include="..\..\src\barelymusician\base\event.h">
      <Filter>Header Files\base</Filter>
    </ClInclude>
    <ClInclude Include="..\..\src\barelymusician\composition\performer.h">
      <Filter>Header Files\composition</Filter>
    </ClInclude>
    <ClInclude Include="..\..\src\barelymusician\composition\ensemble.h">
      <Filter>Header Files\composition</Filter>
    </ClInclude>
    <ClInclude Include="..\..\src\barelymusician\composition\scale.h">
      <Filter>Header Files\composition</Filter>
    </ClInclude>
    <ClInclude Include="..\..\src\barelymusician\composition\quantizer.h">
      <Filter>Header Files\composition</Filter>
    </ClInclude>
    <ClInclude Include="..\..\src\barelymusician\base\sequencer.h">
      <Filter>Header Files\base</Filter>
    </ClInclude>
    <ClInclude Include="..\..\src\barelymusician\base\transport.h">
      <Filter>Header Files\base</Filter>
    </ClInclude>
    <ClInclude Include="..\..\src\barelymusician\base\task_runner.h">
      <Filter>Header Files\base</Filter>
    </ClInclude>
    <ClInclude Include="..\..\src\barelymusician\api\barelymusician.h">
      <Filter>Header Files\api</Filter>
    </ClInclude>
    <ClInclude Include="..\..\src\barelymusician\dsp\module.h">
      <Filter>Header Files\dsp</Filter>
    </ClInclude>
    <ClInclude Include="..\..\src\barelymusician\composition\message.h">
      <Filter>Header Files\composition</Filter>
    </ClInclude>
    <ClInclude Include="..\..\src\barelymusician\composition\message_utils.h">
      <Filter>Header Files\composition</Filter>
    </ClInclude>
  </ItemGroup>
  <ItemGroup>
    <ClCompile Include="..\..\src\barelymusician\base\logging.cpp">
      <Filter>Source Files\base</Filter>
    </ClCompile>
    <ClCompile Include="..\..\src\barelymusician\dsp\envelope.cpp">
      <Filter>Source Files\dsp</Filter>
    </ClCompile>
    <ClCompile Include="..\..\src\barelymusician\dsp\one_pole_filter.cpp">
      <Filter>Source Files\dsp</Filter>
    </ClCompile>
    <ClCompile Include="..\..\src\barelymusician\dsp\oscillator.cpp">
      <Filter>Source Files\dsp</Filter>
    </ClCompile>
    <ClCompile Include="..\..\src\barelymusician\dsp\sample_player.cpp">
      <Filter>Source Files\dsp</Filter>
    </ClCompile>
    <ClCompile Include="..\..\src\barelymusician\dsp\dsp_utils.cpp">
      <Filter>Source Files\dsp</Filter>
    </ClCompile>
    <ClCompile Include="..\..\src\barelymusician\instrument\instrument_utils.cpp">
      <Filter>Source Files\instrument</Filter>
    </ClCompile>
    <ClCompile Include="..\..\src\barelymusician\base\random.cpp">
      <Filter>Source Files\base</Filter>
    </ClCompile>
    <ClCompile Include="..\..\src\barelymusician\composition\performer.cpp">
      <Filter>Source Files\composition</Filter>
    </ClCompile>
    <ClCompile Include="..\..\src\barelymusician\composition\scale.cpp">
      <Filter>Source Files\composition</Filter>
    </ClCompile>
    <ClCompile Include="..\..\src\barelymusician\composition\quantizer.cpp">
      <Filter>Source Files\composition</Filter>
    </ClCompile>
    <ClCompile Include="..\..\src\barelymusician\base\sequencer.cpp">
      <Filter>Source Files\base</Filter>
    </ClCompile>
    <ClCompile Include="..\..\src\barelymusician\base\task_runner.cpp">
      <Filter>Source Files\base</Filter>
    </ClCompile>
    <ClCompile Include="..\..\src\barelymusician\api\barelymusician.cpp">
      <Filter>Source Files\api</Filter>
    </ClCompile>
    <ClCompile Include="..\..\src\barelymusician\composition\message_utils.cpp">
      <Filter>Source Files\composition</Filter>
    </ClCompile>
  </ItemGroup>
</Project>