<?xml version="1.0" encoding="utf-8"?>
<Project ToolsVersion="4.0" xmlns="http://schemas.microsoft.com/developer/msbuild/2003">
  <ItemGroup>
    <Filter Include="Header Files">
      <UniqueIdentifier>{f66db1f0-0e63-4d94-bdf5-e907852e46d5}</UniqueIdentifier>
    </Filter>
    <Filter Include="Source Files">
      <UniqueIdentifier>{5b83eec9-de14-47a6-9af5-12c65b85209d}</UniqueIdentifier>
    </Filter>
    <Filter Include="Header Files\instruments">
      <UniqueIdentifier>{50315529-d501-4f9e-9ea5-9f4eb61c888f}</UniqueIdentifier>
    </Filter>
    <Filter Include="Source Files\instruments">
      <UniqueIdentifier>{a64bda28-84cf-4677-8c04-bde834872bbf}</UniqueIdentifier>
    </Filter>
    <Filter Include="Header Files\util">
      <UniqueIdentifier>{c9d1406a-8beb-4bc9-a5fa-6699dc345349}</UniqueIdentifier>
    </Filter>
    <Filter Include="Header Files\util\input_manager">
      <UniqueIdentifier>{dbcd1ef7-08c8-4ecc-80e0-c4ce994b9c62}</UniqueIdentifier>
    </Filter>
    <Filter Include="Source Files\util">
      <UniqueIdentifier>{1a9b9a6f-e936-4057-b396-63218ed72295}</UniqueIdentifier>
    </Filter>
    <Filter Include="Source Files\util\input_manager">
      <UniqueIdentifier>{1ef486f6-80c2-432e-81fb-d02e806dcac7}</UniqueIdentifier>
    </Filter>
    <Filter Include="Resource Files">
      <UniqueIdentifier>{3417e019-5e55-4b08-9d60-b5d510292b98}</UniqueIdentifier>
    </Filter>
    <Filter Include="Resource Files\data">
      <UniqueIdentifier>{c75a4895-f6ec-4b82-b02d-ef83e9f3b3dc}</UniqueIdentifier>
    </Filter>
    <Filter Include="Resource Files\data\midi">
      <UniqueIdentifier>{fe039554-29a5-482f-ab16-c3b8663ec6bf}</UniqueIdentifier>
    </Filter>
    <Filter Include="Resource Files\data\audio">
      <UniqueIdentifier>{34cb22a7-3a65-4434-b56a-e73b165474b0}</UniqueIdentifier>
    </Filter>
    <Filter Include="Resource Files\data\audio\drums">
      <UniqueIdentifier>{024d0d55-996c-4551-a943-52c7e30c55de}</UniqueIdentifier>
    </Filter>
    <Filter Include="Header Files\composers">
      <UniqueIdentifier>{cc3e58f2-53d6-486a-97b4-93751cb9f376}</UniqueIdentifier>
    </Filter>
    <Filter Include="Source Files\audio_output">
      <UniqueIdentifier>{ac2cbeca-c57e-4053-8323-4c7e08b86b9c}</UniqueIdentifier>
    </Filter>
    <Filter Include="Header Files\audio_output">
      <UniqueIdentifier>{b0d5b5c4-3524-478c-957e-3cfe03b555da}</UniqueIdentifier>
    </Filter>
  </ItemGroup>
  <ItemGroup>
    <ClInclude Include="$(MSBuildThisFileDirectory)..\..\examples\instruments\basic_synth_instrument.h">
      <Filter>Header Files\instruments</Filter>
    </ClInclude>
    <ClInclude Include="$(MSBuildThisFileDirectory)..\..\examples\util\input_manager\win_console_input.h">
      <Filter>Header Files\util\input_manager</Filter>
    </ClInclude>
    <ClInclude Include="$(MSBuildThisFileDirectory)..\..\examples\composers\simple_line_beat_composer.h">
      <Filter>Header Files\composers</Filter>
    </ClInclude>
    <ClInclude Include="$(MSBuildThisFileDirectory)..\..\examples\composers\simple_chords_beat_composer.h">
      <Filter>Header Files\composers</Filter>
    </ClInclude>
    <ClInclude Include="$(MSBuildThisFileDirectory)..\..\examples\composers\midi_beat_composer.h">
      <Filter>Header Files\composers</Filter>
    </ClInclude>
    <ClInclude Include="$(MSBuildThisFileDirectory)..\..\examples\util\wav_file.h">
      <Filter>Header Files\util</Filter>
    </ClInclude>
    <ClInclude Include="$(MSBuildThisFileDirectory)..\..\examples\composers\simple_drumkit_beat_composer.h">
      <Filter>Header Files\composers</Filter>
    </ClInclude>
    <ClInclude Include="$(MSBuildThisFileDirectory)..\..\examples\audio_output\pa_audio_output.h">
      <Filter>Header Files\audio_output</Filter>
    </ClInclude>
    <ClInclude Include="$(MSBuildThisFileDirectory)..\..\examples\audio_output\audio_output.h">
      <Filter>Header Files\audio_output</Filter>
    </ClInclude>
    <ClInclude Include="$(MSBuildThisFileDirectory)..\..\examples\instruments\basic_drumkit_instrument.h">
      <Filter>Header Files\instruments</Filter>
    </ClInclude>
    <ClInclude Include="$(MSBuildThisFileDirectory)..\..\examples\instruments\basic_enveloped_voice.h">
      <Filter>Header Files\instruments</Filter>
    </ClInclude>
  </ItemGroup>
  <ItemGroup>
    <ClCompile Include="$(MSBuildThisFileDirectory)..\..\examples\instruments\basic_synth_instrument.cpp">
      <Filter>Source Files\instruments</Filter>
    </ClCompile>
    <ClCompile Include="$(MSBuildThisFileDirectory)..\..\examples\util\input_manager\win_console_input.cpp">
      <Filter>Source Files\util\input_manager</Filter>
    </ClCompile>
    <ClCompile Include="$(MSBuildThisFileDirectory)..\..\examples\util\wav_file.cpp">
      <Filter>Source Files\util</Filter>
    </ClCompile>
    <ClCompile Include="$(MSBuildThisFileDirectory)..\..\examples\instruments\basic_drumkit_instrument.cpp">
      <Filter>Source Files\instruments</Filter>
    </ClCompile>
    <ClCompile Include="$(MSBuildThisFileDirectory)..\..\examples\audio_output\pa_audio_output.cpp">
      <Filter>Source Files\audio_output</Filter>
    </ClCompile>
  </ItemGroup>
  <ItemGroup>
    <CopyFileToFolders Include="$(MSBuildThisFileDirectory)..\..\examples\data\audio\drums\basic_hihat_closed.wav">
      <Filter>Resource Files\data\audio\drums</Filter>
    </CopyFileToFolders>
    <CopyFileToFolders Include="$(MSBuildThisFileDirectory)..\..\examples\data\audio\drums\basic_hihat_open.wav">
      <Filter>Resource Files\data\audio\drums</Filter>
    </CopyFileToFolders>
    <CopyFileToFolders Include="$(MSBuildThisFileDirectory)..\..\examples\data\audio\drums\basic_kick.wav">
      <Filter>Resource Files\data\audio\drums</Filter>
    </CopyFileToFolders>
    <CopyFileToFolders Include="$(MSBuildThisFileDirectory)..\..\examples\data\audio\drums\basic_snare.wav">
      <Filter>Resource Files\data\audio\drums</Filter>
    </CopyFileToFolders>
    <CopyFileToFolders Include="$(MSBuildThisFileDirectory)..\..\examples\data\midi\build1.mid">
      <Filter>Resource Files\data\midi</Filter>
    </CopyFileToFolders>
    <CopyFileToFolders Include="$(MSBuildThisFileDirectory)..\..\examples\data\midi\build2.mid">
      <Filter>Resource Files\data\midi</Filter>
    </CopyFileToFolders>
    <CopyFileToFolders Include="$(MSBuildThisFileDirectory)..\..\examples\data\midi\build3.mid">
      <Filter>Resource Files\data\midi</Filter>
    </CopyFileToFolders>
    <CopyFileToFolders Include="$(MSBuildThisFileDirectory)..\..\examples\data\midi\build4.mid">
      <Filter>Resource Files\data\midi</Filter>
    </CopyFileToFolders>
    <CopyFileToFolders Include="$(MSBuildThisFileDirectory)..\..\examples\data\midi\build5.mid">
      <Filter>Resource Files\data\midi</Filter>
    </CopyFileToFolders>
    <CopyFileToFolders Include="$(MSBuildThisFileDirectory)..\..\examples\data\midi\build6.mid">
      <Filter>Resource Files\data\midi</Filter>
    </CopyFileToFolders>
    <CopyFileToFolders Include="$(MSBuildThisFileDirectory)..\..\examples\data\midi\sample.mid">
      <Filter>Resource Files\data\midi</Filter>
    </CopyFileToFolders>
    <CopyFileToFolders Include="$(MSBuildThisFileDirectory)..\..\examples\data\midi\satie.mid">
      <Filter>Resource Files\data\midi</Filter>
    </CopyFileToFolders>
    <CopyFileToFolders Include="$(MSBuildThisFileDirectory)..\..\examples\data\midi\twinkle.mid">
      <Filter>Resource Files\data\midi</Filter>
    </CopyFileToFolders>
  </ItemGroup>
</Project>