<?xml version="1.0" encoding="utf-8"?>
<Project ToolsVersion="4.0" xmlns="http://schemas.microsoft.com/developer/msbuild/2003">
  <ItemGroup>
    <Filter Include="Source Files">
      <UniqueIdentifier>{b7bcdf57-5ccb-4800-b4bf-fc96c2699177}</UniqueIdentifier>
    </Filter>
    <Filter Include="Source Files\dsp">
      <UniqueIdentifier>{e033ea07-8a55-4037-9658-38539357d2e7}</UniqueIdentifier>
    </Filter>
    <Filter Include="Source Files\instrument">
      <UniqueIdentifier>{12d76503-b79f-487a-b5a5-4baef5ef25ee}</UniqueIdentifier>
    </Filter>
    <Filter Include="Source Files\algorithm">
      <UniqueIdentifier>{de1892fa-780e-46ba-8013-3cf8659232a4}</UniqueIdentifier>
    </Filter>
    <Filter Include="Source Files\util">
      <UniqueIdentifier>{195c8e44-b17f-4829-86af-4260514661dd}</UniqueIdentifier>
    </Filter>
    <Filter Include="Source Files\engine">
      <UniqueIdentifier>{6119652e-e37c-41f8-a42d-3400018c7fae}</UniqueIdentifier>
    </Filter>
  </ItemGroup>
  <ItemGroup>
    <ClCompile Include="..\..\src\barelymusician\dsp\envelope_test.cpp">
      <Filter>Source Files\dsp</Filter>
    </ClCompile>
    <ClCompile Include="..\..\src\barelymusician\dsp\one_pole_filter_test.cpp">
      <Filter>Source Files\dsp</Filter>
    </ClCompile>
    <ClCompile Include="..\..\src\barelymusician\dsp\sample_player_test.cpp">
      <Filter>Source Files\dsp</Filter>
    </ClCompile>
    <ClCompile Include="..\..\src\barelymusician\dsp\dsp_utils_test.cpp">
      <Filter>Source Files\dsp</Filter>
    </ClCompile>
    <ClCompile Include="..\..\src\barelymusician\instrument\polyphonic_voice_test.cpp">
      <Filter>Source Files\instrument</Filter>
    </ClCompile>
    <ClCompile Include="..\..\src\barelymusician\algorithm\context_free_grammar_test.cpp">
      <Filter>Source Files\algorithm</Filter>
    </ClCompile>
    <ClCompile Include="..\..\src\barelymusician\instrument\modulation_matrix_test.cpp">
      <Filter>Source Files\instrument</Filter>
    </ClCompile>
    <ClCompile Include="..\..\src\barelymusician\util\random_test.cpp">
      <Filter>Source Files\util</Filter>
    </ClCompile>
    <ClCompile Include="..\..\src\barelymusician\util\task_runner_test.cpp">
      <Filter>Source Files\util</Filter>
    </ClCompile>
    <ClCompile Include="..\..\src\barelymusician\engine\clock_test.cpp">
      <Filter>Source Files\engine</Filter>
    </ClCompile>
    <ClCompile Include="..\..\src\barelymusician\engine\message_queue_test.cpp">
      <Filter>Source Files\engine</Filter>
    </ClCompile>
    <ClCompile Include="..\..\src\barelymusician\engine\note_utils_test.cpp">
      <Filter>Source Files\engine</Filter>
    </ClCompile>
    <ClCompile Include="..\..\src\barelymusician\engine\engine_test.cpp">
      <Filter>Source Files\engine</Filter>
    </ClCompile>
    <ClCompile Include="..\..\src\barelymusician\engine\instrument_manager_test.cpp">
      <Filter>Source Files\engine</Filter>
    </ClCompile>
  </ItemGroup>
  <ItemGroup>
    <None Include="packages.config" />
  </ItemGroup>
</Project>