<?xml version="1.0" encoding="utf-8"?>
<Project ToolsVersion="4.0" xmlns="http://schemas.microsoft.com/developer/msbuild/2003">
  <ItemGroup>
    <Filter Include="Source Files">
      <UniqueIdentifier>{b7bcdf57-5ccb-4800-b4bf-fc96c2699177}</UniqueIdentifier>
    </Filter>
    <Filter Include="Source Files\base">
      <UniqueIdentifier>{314dc98b-1e28-4422-b5d6-48fa2bb85ea4}</UniqueIdentifier>
    </Filter>
    <Filter Include="Source Files\dsp">
      <UniqueIdentifier>{e033ea07-8a55-4037-9658-38539357d2e7}</UniqueIdentifier>
    </Filter>
    <Filter Include="Source Files\instrument">
      <UniqueIdentifier>{12d76503-b79f-487a-b5a5-4baef5ef25ee}</UniqueIdentifier>
    </Filter>
    <Filter Include="Source Files\algorithm">
      <UniqueIdentifier>{de1892fa-780e-46ba-8013-3cf8659232a4}</UniqueIdentifier>
    </Filter>
    <Filter Include="Source Files\composition">
      <UniqueIdentifier>{d5efa513-7f64-44d8-8979-3bd2d6def79d}</UniqueIdentifier>
    </Filter>
    <Filter Include="Source Files\message">
      <UniqueIdentifier>{82eab040-1627-449e-9e88-ded6d2c57506}</UniqueIdentifier>
    </Filter>
  </ItemGroup>
  <ItemGroup>
    <None Include="packages.config" />
  </ItemGroup>
  <ItemGroup>
    <ClCompile Include="..\..\src\barelymusician\base\sequencer_test.cpp">
      <Filter>Source Files\base</Filter>
    </ClCompile>
    <ClCompile Include="..\..\src\barelymusician\dsp\envelope_test.cpp">
      <Filter>Source Files\dsp</Filter>
    </ClCompile>
    <ClCompile Include="..\..\src\barelymusician\dsp\one_pole_filter_test.cpp">
      <Filter>Source Files\dsp</Filter>
    </ClCompile>
    <ClCompile Include="..\..\src\barelymusician\dsp\sample_player_test.cpp">
      <Filter>Source Files\dsp</Filter>
    </ClCompile>
    <ClCompile Include="..\..\src\barelymusician\dsp\dsp_utils_test.cpp">
      <Filter>Source Files\dsp</Filter>
    </ClCompile>
    <ClCompile Include="..\..\src\barelymusician\instrument\instrument_utils_test.cpp">
      <Filter>Source Files\instrument</Filter>
    </ClCompile>
    <ClCompile Include="..\..\src\barelymusician\instrument\polyphonic_voice_test.cpp">
      <Filter>Source Files\instrument</Filter>
    </ClCompile>
    <ClCompile Include="..\..\src\barelymusician\base\random_test.cpp">
      <Filter>Source Files\base</Filter>
    </ClCompile>
    <ClCompile Include="..\..\src\barelymusician\algorithm\context_free_grammar_test.cpp">
      <Filter>Source Files\algorithm</Filter>
    </ClCompile>
    <ClCompile Include="..\..\src\barelymusician\composition\performer_test.cpp">
      <Filter>Source Files\composition</Filter>
    </ClCompile>
    <ClCompile Include="..\..\src\barelymusician\instrument\modulation_matrix_test.cpp">
      <Filter>Source Files\instrument</Filter>
    </ClCompile>
    <ClCompile Include="..\..\src\barelymusician\message\message_queue_test.cpp">
      <Filter>Source Files\message</Filter>
    </ClCompile>
    <ClCompile Include="..\..\src\barelymusician\message\message_utils_test.cpp">
      <Filter>Source Files\message</Filter>
    </ClCompile>
  </ItemGroup>
</Project>