<?xml version="1.0" encoding="utf-8"?>
<Project ToolsVersion="4.0" xmlns="http://schemas.microsoft.com/developer/msbuild/2003">
  <ItemGroup>
    <Filter Include="Header Files">
      <UniqueIdentifier>{23949136-01e6-4483-b381-088a400f99b0}</UniqueIdentifier>
    </Filter>
    <Filter Include="Header Files\instruments">
      <UniqueIdentifier>{018322f4-d8c9-43ef-98b6-b372e53a9cfd}</UniqueIdentifier>
    </Filter>
    <Filter Include="Source Files">
      <UniqueIdentifier>{db6eed62-1a30-4c9d-beca-6f9603f4f27c}</UniqueIdentifier>
    </Filter>
    <Filter Include="Source Files\instruments">
      <UniqueIdentifier>{54332e60-e4b9-49ef-b5c5-12d45fef2227}</UniqueIdentifier>
    </Filter>
    <Filter Include="Header Files\util">
      <UniqueIdentifier>{36518f85-6b7b-4ba9-be07-89c5a31ee7c5}</UniqueIdentifier>
    </Filter>
    <Filter Include="Source Files\util">
      <UniqueIdentifier>{7bdfc4fe-51be-4133-a553-e45be46fb952}</UniqueIdentifier>
    </Filter>
    <Filter Include="Header Files\voice">
      <UniqueIdentifier>{eb00d5e8-e418-4766-834f-de90d6d230d8}</UniqueIdentifier>
    </Filter>
  </ItemGroup>
  <ItemGroup>
    <ClInclude Include="$(MSBuildThisFileDirectory)..\..\examples\instruments\basic_drumkit_instrument.h">
      <Filter>Header Files\instruments</Filter>
    </ClInclude>
    <ClInclude Include="$(MSBuildThisFileDirectory)..\..\examples\instruments\basic_enveloped_voice.h">
      <Filter>Header Files\instruments</Filter>
    </ClInclude>
    <ClInclude Include="$(MSBuildThisFileDirectory)..\..\examples\instruments\basic_synth_instrument.h">
      <Filter>Header Files\instruments</Filter>
    </ClInclude>
    <ClInclude Include="$(MSBuildThisFileDirectory)..\..\examples\util\wav_file.h">
      <Filter>Header Files\util</Filter>
    </ClInclude>
    <ClInclude Include="$(MSBuildThisFileDirectory)..\..\examples\voice\polyphonic_voice.h">
      <Filter>Header Files\voice</Filter>
    </ClInclude>
    <ClInclude Include="$(MSBuildThisFileDirectory)..\..\examples\voice\voice.h">
      <Filter>Header Files\voice</Filter>
    </ClInclude>
  </ItemGroup>
  <ItemGroup>
    <ClCompile Include="$(MSBuildThisFileDirectory)..\..\examples\instruments\basic_drumkit_instrument.cpp">
      <Filter>Source Files\instruments</Filter>
    </ClCompile>
    <ClCompile Include="$(MSBuildThisFileDirectory)..\..\examples\instruments\basic_synth_instrument.cpp">
      <Filter>Source Files\instruments</Filter>
    </ClCompile>
    <ClCompile Include="$(MSBuildThisFileDirectory)..\..\examples\util\wav_file.cpp">
      <Filter>Source Files\util</Filter>
    </ClCompile>
  </ItemGroup>
</Project>