<?xml version="1.0" encoding="utf-8"?>
<Project ToolsVersion="4.0" xmlns="http://schemas.microsoft.com/developer/msbuild/2003">
  <ItemGroup>
    <Filter Include="Header Files">
      <UniqueIdentifier>{23949136-01e6-4483-b381-088a400f99b0}</UniqueIdentifier>
    </Filter>
    <Filter Include="Header Files\instruments">
      <UniqueIdentifier>{018322f4-d8c9-43ef-98b6-b372e53a9cfd}</UniqueIdentifier>
    </Filter>
    <Filter Include="Header Files\util">
      <UniqueIdentifier>{36518f85-6b7b-4ba9-be07-89c5a31ee7c5}</UniqueIdentifier>
    </Filter>
    <Filter Include="Source Files">
      <UniqueIdentifier>{c6158be6-3db6-4bb0-9bae-0d341fe07657}</UniqueIdentifier>
    </Filter>
    <Filter Include="Source Files\instruments">
      <UniqueIdentifier>{202fd1b0-7958-41be-9dd2-286290ffc01c}</UniqueIdentifier>
    </Filter>
    <Filter Include="Source Files\util">
      <UniqueIdentifier>{0a148c78-fc8c-4e8e-af32-3db7cba45396}</UniqueIdentifier>
    </Filter>
  </ItemGroup>
  <ItemGroup>
    <ClInclude Include="$(MSBuildThisFileDirectory)..\..\examples\instruments\basic_drumkit_instrument.h">
      <Filter>Header Files\instruments</Filter>
    </ClInclude>
    <ClInclude Include="$(MSBuildThisFileDirectory)..\..\examples\instruments\basic_enveloped_voice.h">
      <Filter>Header Files\instruments</Filter>
    </ClInclude>
    <ClInclude Include="$(MSBuildThisFileDirectory)..\..\examples\instruments\basic_synth_instrument.h">
      <Filter>Header Files\instruments</Filter>
    </ClInclude>
    <ClInclude Include="$(MSBuildThisFileDirectory)..\..\examples\util\wav_file.h">
      <Filter>Header Files\util</Filter>
    </ClInclude>
  </ItemGroup>
  <ItemGroup>
    <ClCompile Include="$(MSBuildThisFileDirectory)..\..\examples\instruments\basic_drumkit_instrument.cpp">
      <Filter>Source Files\instruments</Filter>
    </ClCompile>
    <ClCompile Include="$(MSBuildThisFileDirectory)..\..\examples\instruments\basic_synth_instrument.cpp">
      <Filter>Source Files\instruments</Filter>
    </ClCompile>
    <ClCompile Include="$(MSBuildThisFileDirectory)..\..\examples\util\wav_file.cpp">
      <Filter>Source Files\util</Filter>
    </ClCompile>
  </ItemGroup>
</Project>