// !$*UTF8*$!
{
	archiveVersion = 1;
	classes = {
	};
	objectVersion = 48;
	objects = {

/* Begin PBXBuildFile section */
		42729E6E20282734003C2F6F /* barelymusician_demo.cpp in Sources */ = {isa = PBXBuildFile; fileRef = 42729E6D20282734003C2F6F /* barelymusician_demo.cpp */; };
		42B518D02028262800908E91 /* pa_wrapper.cpp in Sources */ = {isa = PBXBuildFile; fileRef = 42B518CE2028262800908E91 /* pa_wrapper.cpp */; };
		42DF07BA20281F0100229D61 /* libbarelymusician.a in Frameworks */ = {isa = PBXBuildFile; fileRef = 42DF07BB20281F0100229D61 /* libbarelymusician.a */; };
		42DF07D02028248A00229D61 /* libportaudio.a in Frameworks */ = {isa = PBXBuildFile; fileRef = 42DF07CF2028248A00229D61 /* libportaudio.a */; };
/* End PBXBuildFile section */

/* Begin PBXCopyFilesBuildPhase section */
		42DF07AF20281EBC00229D61 /* CopyFiles */ = {
			isa = PBXCopyFilesBuildPhase;
			buildActionMask = 2147483647;
			dstPath = /usr/share/man/man1/;
			dstSubfolderSpec = 0;
			files = (
			);
			runOnlyForDeploymentPostprocessing = 1;
		};
/* End PBXCopyFilesBuildPhase section */

/* Begin PBXFileReference section */
		42729E6D20282734003C2F6F /* barelymusician_demo.cpp */ = {isa = PBXFileReference; fileEncoding = 4; lastKnownFileType = sourcecode.cpp.cpp; name = barelymusician_demo.cpp; path = ../../examples/demo/barelymusician_demo.cpp; sourceTree = "<group>"; };
		42B518CE2028262800908E91 /* pa_wrapper.cpp */ = {isa = PBXFileReference; fileEncoding = 4; lastKnownFileType = sourcecode.cpp.cpp; name = pa_wrapper.cpp; path = ../../examples/utils/pa_wrapper.cpp; sourceTree = "<group>"; };
		42B518CF2028262800908E91 /* pa_wrapper.h */ = {isa = PBXFileReference; fileEncoding = 4; lastKnownFileType = sourcecode.c.h; name = pa_wrapper.h; path = ../../examples/utils/pa_wrapper.h; sourceTree = "<group>"; };
		42DF07B120281EBC00229D61 /* barelymusician_demo */ = {isa = PBXFileReference; explicitFileType = "compiled.mach-o.executable"; includeInIndex = 0; path = barelymusician_demo; sourceTree = BUILT_PRODUCTS_DIR; };
		42DF07BB20281F0100229D61 /* libbarelymusician.a */ = {isa = PBXFileReference; explicitFileType = archive.ar; path = libbarelymusician.a; sourceTree = BUILT_PRODUCTS_DIR; };
		42DF07CF2028248A00229D61 /* libportaudio.a */ = {isa = PBXFileReference; lastKnownFileType = archive.ar; name = libportaudio.a; path = ../../examples/third_party/portaudio/lib/.libs/libportaudio.a; sourceTree = "<group>"; };
/* End PBXFileReference section */

/* Begin PBXFrameworksBuildPhase section */
		42DF07AE20281EBC00229D61 /* Frameworks */ = {
			isa = PBXFrameworksBuildPhase;
			buildActionMask = 2147483647;
			files = (
				42DF07BA20281F0100229D61 /* libbarelymusician.a in Frameworks */,
				42DF07D02028248A00229D61 /* libportaudio.a in Frameworks */,
			);
			runOnlyForDeploymentPostprocessing = 0;
		};
/* End PBXFrameworksBuildPhase section */

/* Begin PBXGroup section */
		42729E6C20282720003C2F6F /* demo */ = {
			isa = PBXGroup;
			children = (
				42729E6D20282734003C2F6F /* barelymusician_demo.cpp */,
			);
			name = demo;
			sourceTree = "<group>";
		};
		42B518C9202825E700908E91 /* barelymusician_demo */ = {
			isa = PBXGroup;
			children = (
				42729E6C20282720003C2F6F /* demo */,
				42B518CD2028261400908E91 /* utils */,
			);
			name = barelymusician_demo;
			sourceTree = "<group>";
		};
		42B518CD2028261400908E91 /* utils */ = {
			isa = PBXGroup;
			children = (
				42B518CE2028262800908E91 /* pa_wrapper.cpp */,
				42B518CF2028262800908E91 /* pa_wrapper.h */,
			);
			name = utils;
			sourceTree = "<group>";
		};
		42DF07A620281E2300229D61 = {
			isa = PBXGroup;
			children = (
				42B518C9202825E700908E91 /* barelymusician_demo */,
				42DF07B220281EBC00229D61 /* Products */,
				42DF07B920281F0100229D61 /* Frameworks */,
			);
			sourceTree = "<group>";
		};
		42DF07B220281EBC00229D61 /* Products */ = {
			isa = PBXGroup;
			children = (
				42DF07B120281EBC00229D61 /* barelymusician_demo */,
			);
			name = Products;
			sourceTree = "<group>";
		};
		42DF07B920281F0100229D61 /* Frameworks */ = {
			isa = PBXGroup;
			children = (
				42DF07CF2028248A00229D61 /* libportaudio.a */,
				42DF07BB20281F0100229D61 /* libbarelymusician.a */,
			);
			name = Frameworks;
			sourceTree = "<group>";
		};
/* End PBXGroup section */

/* Begin PBXNativeTarget section */
		42DF07B020281EBC00229D61 /* barelymusician_demo */ = {
			isa = PBXNativeTarget;
			buildConfigurationList = 42DF07B620281EBC00229D61 /* Build configuration list for PBXNativeTarget "barelymusician_demo" */;
			buildPhases = (
				42DF07AD20281EBC00229D61 /* Sources */,
				42DF07AE20281EBC00229D61 /* Frameworks */,
				42DF07AF20281EBC00229D61 /* CopyFiles */,
			);
			buildRules = (
			);
			dependencies = (
			);
			name = barelymusician_demo;
			productName = barelymusician_demo;
			productReference = 42DF07B120281EBC00229D61 /* barelymusician_demo */;
			productType = "com.apple.product-type.tool";
		};
/* End PBXNativeTarget section */

/* Begin PBXProject section */
		42DF07A720281E2300229D61 /* Project object */ = {
			isa = PBXProject;
			attributes = {
				LastSwiftUpdateCheck = 0920;
				LastUpgradeCheck = 0920;
				TargetAttributes = {
					42DF07B020281EBC00229D61 = {
						CreatedOnToolsVersion = 9.2;
						ProvisioningStyle = Automatic;
					};
				};
			};
			buildConfigurationList = 42DF07AA20281E2300229D61 /* Build configuration list for PBXProject "barelymusician_demo" */;
			compatibilityVersion = "Xcode 8.0";
			developmentRegion = en;
			hasScannedForEncodings = 0;
			knownRegions = (
				en,
			);
			mainGroup = 42DF07A620281E2300229D61;
			productRefGroup = 42DF07B220281EBC00229D61 /* Products */;
			projectDirPath = "";
			projectRoot = "";
			targets = (
				42DF07B020281EBC00229D61 /* barelymusician_demo */,
			);
		};
/* End PBXProject section */

/* Begin PBXSourcesBuildPhase section */
		42DF07AD20281EBC00229D61 /* Sources */ = {
			isa = PBXSourcesBuildPhase;
			buildActionMask = 2147483647;
			files = (
				42729E6E20282734003C2F6F /* barelymusician_demo.cpp in Sources */,
				42B518D02028262800908E91 /* pa_wrapper.cpp in Sources */,
			);
			runOnlyForDeploymentPostprocessing = 0;
		};
/* End PBXSourcesBuildPhase section */

/* Begin XCBuildConfiguration section */
		42DF07AB20281E2300229D61 /* Debug */ = {
			isa = XCBuildConfiguration;
			buildSettings = {
			};
			name = Debug;
		};
		42DF07AC20281E2300229D61 /* Release */ = {
			isa = XCBuildConfiguration;
			buildSettings = {
			};
			name = Release;
		};
		42DF07B720281EBC00229D61 /* Debug */ = {
			isa = XCBuildConfiguration;
			buildSettings = {
				ALWAYS_SEARCH_USER_PATHS = NO;
				CLANG_ANALYZER_NONNULL = YES;
				CLANG_ANALYZER_NUMBER_OBJECT_CONVERSION = YES_AGGRESSIVE;
				CLANG_CXX_LANGUAGE_STANDARD = "gnu++14";
				CLANG_CXX_LIBRARY = "libc++";
				CLANG_ENABLE_MODULES = YES;
				CLANG_ENABLE_OBJC_ARC = YES;
				CLANG_WARN_BLOCK_CAPTURE_AUTORELEASING = YES;
				CLANG_WARN_BOOL_CONVERSION = YES;
				CLANG_WARN_COMMA = YES;
				CLANG_WARN_CONSTANT_CONVERSION = YES;
				CLANG_WARN_DIRECT_OBJC_ISA_USAGE = YES_ERROR;
				CLANG_WARN_DOCUMENTATION_COMMENTS = YES;
				CLANG_WARN_EMPTY_BODY = YES;
				CLANG_WARN_ENUM_CONVERSION = YES;
				CLANG_WARN_INFINITE_RECURSION = YES;
				CLANG_WARN_INT_CONVERSION = YES;
				CLANG_WARN_NON_LITERAL_NULL_CONVERSION = YES;
				CLANG_WARN_OBJC_LITERAL_CONVERSION = YES;
				CLANG_WARN_OBJC_ROOT_CLASS = YES_ERROR;
				CLANG_WARN_RANGE_LOOP_ANALYSIS = YES;
				CLANG_WARN_STRICT_PROTOTYPES = YES;
				CLANG_WARN_SUSPICIOUS_MOVE = YES;
				CLANG_WARN_UNGUARDED_AVAILABILITY = YES_AGGRESSIVE;
				CLANG_WARN_UNREACHABLE_CODE = YES;
				CLANG_WARN__DUPLICATE_METHOD_MATCH = YES;
				CODE_SIGN_IDENTITY = "-";
				CODE_SIGN_STYLE = Automatic;
				COPY_PHASE_STRIP = NO;
				DEBUG_INFORMATION_FORMAT = dwarf;
				ENABLE_STRICT_OBJC_MSGSEND = YES;
				ENABLE_TESTABILITY = YES;
				GCC_C_LANGUAGE_STANDARD = gnu11;
				GCC_DYNAMIC_NO_PIC = NO;
				GCC_NO_COMMON_BLOCKS = YES;
				GCC_OPTIMIZATION_LEVEL = 0;
				GCC_PREPROCESSOR_DEFINITIONS = (
					"DEBUG=1",
					"$(inherited)",
				);
				GCC_WARN_64_TO_32_BIT_CONVERSION = YES;
				GCC_WARN_ABOUT_RETURN_TYPE = YES_ERROR;
				GCC_WARN_UNDECLARED_SELECTOR = YES;
				GCC_WARN_UNINITIALIZED_AUTOS = YES_AGGRESSIVE;
				GCC_WARN_UNUSED_FUNCTION = YES;
				GCC_WARN_UNUSED_VARIABLE = YES;
				HEADER_SEARCH_PATHS = (
					"$(PROJECT_DIR)/../../examples",
					"$(PROJECT_DIR)/../../examples/third_party/portaudio/include",
					"$(PROJECT_DIR)/../../src",
				);
				LIBRARY_SEARCH_PATHS = "$(PROJECT_DIR)/../../examples/third_party/portaudio/lib/.libs";
				MACOSX_DEPLOYMENT_TARGET = 10.13;
				MTL_ENABLE_DEBUG_INFO = YES;
				ONLY_ACTIVE_ARCH = YES;
				PRODUCT_NAME = "$(TARGET_NAME)";
				SDKROOT = macosx;
				SWIFT_ACTIVE_COMPILATION_CONDITIONS = DEBUG;
				SWIFT_OPTIMIZATION_LEVEL = "-Onone";
				SWIFT_VERSION = 4.0;
			};
			name = Debug;
		};
		42DF07B820281EBC00229D61 /* Release */ = {
			isa = XCBuildConfiguration;
			buildSettings = {
				ALWAYS_SEARCH_USER_PATHS = NO;
				CLANG_ANALYZER_NONNULL = YES;
				CLANG_ANALYZER_NUMBER_OBJECT_CONVERSION = YES_AGGRESSIVE;
				CLANG_CXX_LANGUAGE_STANDARD = "gnu++14";
				CLANG_CXX_LIBRARY = "libc++";
				CLANG_ENABLE_MODULES = YES;
				CLANG_ENABLE_OBJC_ARC = YES;
				CLANG_WARN_BLOCK_CAPTURE_AUTORELEASING = YES;
				CLANG_WARN_BOOL_CONVERSION = YES;
				CLANG_WARN_COMMA = YES;
				CLANG_WARN_CONSTANT_CONVERSION = YES;
				CLANG_WARN_DIRECT_OBJC_ISA_USAGE = YES_ERROR;
				CLANG_WARN_DOCUMENTATION_COMMENTS = YES;
				CLANG_WARN_EMPTY_BODY = YES;
				CLANG_WARN_ENUM_CONVERSION = YES;
				CLANG_WARN_INFINITE_RECURSION = YES;
				CLANG_WARN_INT_CONVERSION = YES;
				CLANG_WARN_NON_LITERAL_NULL_CONVERSION = YES;
				CLANG_WARN_OBJC_LITERAL_CONVERSION = YES;
				CLANG_WARN_OBJC_ROOT_CLASS = YES_ERROR;
				CLANG_WARN_RANGE_LOOP_ANALYSIS = YES;
				CLANG_WARN_STRICT_PROTOTYPES = YES;
				CLANG_WARN_SUSPICIOUS_MOVE = YES;
				CLANG_WARN_UNGUARDED_AVAILABILITY = YES_AGGRESSIVE;
				CLANG_WARN_UNREACHABLE_CODE = YES;
				CLANG_WARN__DUPLICATE_METHOD_MATCH = YES;
				CODE_SIGN_IDENTITY = "-";
				CODE_SIGN_STYLE = Automatic;
				COPY_PHASE_STRIP = NO;
				DEBUG_INFORMATION_FORMAT = "dwarf-with-dsym";
				ENABLE_NS_ASSERTIONS = NO;
				ENABLE_STRICT_OBJC_MSGSEND = YES;
				GCC_C_LANGUAGE_STANDARD = gnu11;
				GCC_NO_COMMON_BLOCKS = YES;
				GCC_WARN_64_TO_32_BIT_CONVERSION = YES;
				GCC_WARN_ABOUT_RETURN_TYPE = YES_ERROR;
				GCC_WARN_UNDECLARED_SELECTOR = YES;
				GCC_WARN_UNINITIALIZED_AUTOS = YES_AGGRESSIVE;
				GCC_WARN_UNUSED_FUNCTION = YES;
				GCC_WARN_UNUSED_VARIABLE = YES;
				HEADER_SEARCH_PATHS = (
					"$(PROJECT_DIR)/../../examples",
					"$(PROJECT_DIR)/../../examples/third_party/portaudio/include",
					"$(PROJECT_DIR)/../../src",
				);
				LIBRARY_SEARCH_PATHS = "$(PROJECT_DIR)/../../examples/third_party/portaudio/lib/.libs";
				MACOSX_DEPLOYMENT_TARGET = 10.13;
				MTL_ENABLE_DEBUG_INFO = NO;
				PRODUCT_NAME = "$(TARGET_NAME)";
				SDKROOT = macosx;
				SWIFT_OPTIMIZATION_LEVEL = "-Owholemodule";
				SWIFT_VERSION = 4.0;
			};
			name = Release;
		};
/* End XCBuildConfiguration section */

/* Begin XCConfigurationList section */
		42DF07AA20281E2300229D61 /* Build configuration list for PBXProject "barelymusician_demo" */ = {
			isa = XCConfigurationList;
			buildConfigurations = (
				42DF07AB20281E2300229D61 /* Debug */,
				42DF07AC20281E2300229D61 /* Release */,
			);
			defaultConfigurationIsVisible = 0;
			defaultConfigurationName = Release;
		};
		42DF07B620281EBC00229D61 /* Build configuration list for PBXNativeTarget "barelymusician_demo" */ = {
			isa = XCConfigurationList;
			buildConfigurations = (
				42DF07B720281EBC00229D61 /* Debug */,
				42DF07B820281EBC00229D61 /* Release */,
			);
			defaultConfigurationIsVisible = 0;
			defaultConfigurationName = Release;
		};
/* End XCConfigurationList section */
	};
	rootObject = 42DF07A720281E2300229D61 /* Project object */;
}
