<?xml version="1.0" encoding="utf-8"?>
<Project ToolsVersion="4.0" xmlns="http://schemas.microsoft.com/developer/msbuild/2003">
  <ItemGroup>
    <Filter Include="Header Files">
      <UniqueIdentifier>{f66db1f0-0e63-4d94-bdf5-e907852e46d5}</UniqueIdentifier>
    </Filter>
    <Filter Include="Source Files">
      <UniqueIdentifier>{5b83eec9-de14-47a6-9af5-12c65b85209d}</UniqueIdentifier>
    </Filter>
    <Filter Include="Resource Files">
      <UniqueIdentifier>{3417e019-5e55-4b08-9d60-b5d510292b98}</UniqueIdentifier>
    </Filter>
    <Filter Include="Resource Files\data">
      <UniqueIdentifier>{c75a4895-f6ec-4b82-b02d-ef83e9f3b3dc}</UniqueIdentifier>
    </Filter>
    <Filter Include="Resource Files\data\midi">
      <UniqueIdentifier>{fe039554-29a5-482f-ab16-c3b8663ec6bf}</UniqueIdentifier>
    </Filter>
    <Filter Include="Resource Files\data\audio">
      <UniqueIdentifier>{34cb22a7-3a65-4434-b56a-e73b165474b0}</UniqueIdentifier>
    </Filter>
    <Filter Include="Resource Files\data\audio\drums">
      <UniqueIdentifier>{024d0d55-996c-4551-a943-52c7e30c55de}</UniqueIdentifier>
    </Filter>
    <Filter Include="Source Files\audio_output">
      <UniqueIdentifier>{ac2cbeca-c57e-4053-8323-4c7e08b86b9c}</UniqueIdentifier>
    </Filter>
    <Filter Include="Header Files\audio_output">
      <UniqueIdentifier>{b0d5b5c4-3524-478c-957e-3cfe03b555da}</UniqueIdentifier>
    </Filter>
    <Filter Include="Header Files\input_manager">
      <UniqueIdentifier>{dbcd1ef7-08c8-4ecc-80e0-c4ce994b9c62}</UniqueIdentifier>
    </Filter>
    <Filter Include="Source Files\input_manager">
      <UniqueIdentifier>{1ef486f6-80c2-432e-81fb-d02e806dcac7}</UniqueIdentifier>
    </Filter>
  </ItemGroup>
  <ItemGroup>
    <ClInclude Include="$(MSBuildThisFileDirectory)..\..\examples\audio_output\pa_audio_output.h">
      <Filter>Header Files\audio_output</Filter>
    </ClInclude>
    <ClInclude Include="$(MSBuildThisFileDirectory)..\..\examples\audio_output\audio_output.h">
      <Filter>Header Files\audio_output</Filter>
    </ClInclude>
    <ClInclude Include="$(MSBuildThisFileDirectory)..\..\examples\input_manager\win_console_input.h">
      <Filter>Header Files\input_manager</Filter>
    </ClInclude>
  </ItemGroup>
  <ItemGroup>
    <ClCompile Include="$(MSBuildThisFileDirectory)..\..\examples\audio_output\pa_audio_output.cpp">
      <Filter>Source Files\audio_output</Filter>
    </ClCompile>
    <ClCompile Include="$(MSBuildThisFileDirectory)..\..\examples\input_manager\win_console_input.cpp">
      <Filter>Source Files\input_manager</Filter>
    </ClCompile>
  </ItemGroup>
  <ItemGroup>
    <CopyFileToFolders Include="$(MSBuildThisFileDirectory)..\..\examples\data\audio\drums\basic_hihat_closed.wav">
      <Filter>Resource Files\data\audio\drums</Filter>
    </CopyFileToFolders>
    <CopyFileToFolders Include="$(MSBuildThisFileDirectory)..\..\examples\data\audio\drums\basic_hihat_open.wav">
      <Filter>Resource Files\data\audio\drums</Filter>
    </CopyFileToFolders>
    <CopyFileToFolders Include="$(MSBuildThisFileDirectory)..\..\examples\data\audio\drums\basic_kick.wav">
      <Filter>Resource Files\data\audio\drums</Filter>
    </CopyFileToFolders>
    <CopyFileToFolders Include="$(MSBuildThisFileDirectory)..\..\examples\data\audio\drums\basic_snare.wav">
      <Filter>Resource Files\data\audio\drums</Filter>
    </CopyFileToFolders>
    <CopyFileToFolders Include="$(MSBuildThisFileDirectory)..\..\examples\data\midi\sample.mid">
      <Filter>Resource Files\data\midi</Filter>
    </CopyFileToFolders>
    <CopyFileToFolders Include="$(MSBuildThisFileDirectory)..\..\examples\data\midi\twinkle.mid">
      <Filter>Resource Files\data\midi</Filter>
    </CopyFileToFolders>
  </ItemGroup>
</Project>